
Microsoft Visual Studio Solution File, Format Version 12.00
# Visual Studio Version 17
VisualStudioVersion = 17.13.35931.197
MinimumVisualStudioVersion = 10.0.40219.1
Project("{FAE04EC0-301F-11D3-BF4B-00C04F79EFBC}") = "Morgan.LogBackup.Worker", "Morgan.LogBackup.Worker.csproj", "{858F54E0-D896-4BAC-8DEB-2CFA30FE5672}"
EndProject
Project("{FAE04EC0-301F-11D3-BF4B-00C04F79EFBC}") = "Morgan.LogBackup.Core", "..\Morgan.LogBackup.Core\Morgan.LogBackup.Core.csproj", "{9A560120-3173-46B1-AB77-45F8D4F10061}"
EndProject
Project("{FAE04EC0-301F-11D3-BF4B-00C04F79EFBC}") = "Morgan.LogBackup.Infrastructure", "..\Morgan.LogBackup.Infrastructure\Morgan.LogBackup.Infrastructure.csproj", "{8996ADF1-A59C-424F-B437-10AFAB0C3C42}"
EndProject
Project("{FAE04EC0-301F-11D3-BF4B-00C04F79EFBC}") = "Morgan.LogBackup.Application", "..\Morgan.LogBackup.Application\Morgan.LogBackup.Application.csproj", "{E4054FF0-6DE7-4734-AE72-DB1E979DB50B}"
EndProject
Global
	GlobalSection(SolutionConfigurationPlatforms) = preSolution
		Debug|Any CPU = Debug|Any CPU
		Release|Any CPU = Release|Any CPU
	EndGlobalSection
	GlobalSection(ProjectConfigurationPlatforms) = postSolution
		{858F54E0-D896-4BAC-8DEB-2CFA30FE5672}.Debug|Any CPU.ActiveCfg = Debug|Any CPU
		{858F54E0-D896-4BAC-8DEB-2CFA30FE5672}.Debug|Any CPU.Build.0 = Debug|Any CPU
		{858F54E0-D896-4BAC-8DEB-2CFA30FE5672}.Release|Any CPU.ActiveCfg = Release|Any CPU
		{858F54E0-D896-4BAC-8DEB-2CFA30FE5672}.Release|Any CPU.Build.0 = Release|Any CPU
		{9A560120-3173-46B1-AB77-45F8D4F10061}.Debug|Any CPU.ActiveCfg = Debug|Any CPU
		{9A560120-3173-46B1-AB77-45F8D4F10061}.Debug|Any CPU.Build.0 = Debug|Any CPU
		{9A560120-3173-46B1-AB77-45F8D4F10061}.Release|Any CPU.ActiveCfg = Release|Any CPU
		{9A560120-3173-46B1-AB77-45F8D4F10061}.Release|Any CPU.Build.0 = Release|Any CPU
		{8996ADF1-A59C-424F-B437-10AFAB0C3C42}.Debug|Any CPU.ActiveCfg = Debug|Any CPU
		{8996ADF1-A59C-424F-B437-10AFAB0C3C42}.Debug|Any CPU.Build.0 = Debug|Any CPU
		{8996ADF1-A59C-424F-B437-10AFAB0C3C42}.Release|Any CPU.ActiveCfg = Release|Any CPU
		{8996ADF1-A59C-424F-B437-10AFAB0C3C42}.Release|Any CPU.Build.0 = Release|Any CPU
		{E4054FF0-6DE7-4734-AE72-DB1E979DB50B}.Debug|Any CPU.ActiveCfg = Debug|Any CPU
		{E4054FF0-6DE7-4734-AE72-DB1E979DB50B}.Debug|Any CPU.Build.0 = Debug|Any CPU
		{E4054FF0-6DE7-4734-AE72-DB1E979DB50B}.Release|Any CPU.ActiveCfg = Release|Any CPU
		{E4054FF0-6DE7-4734-AE72-DB1E979DB50B}.Release|Any CPU.Build.0 = Release|Any CPU
	EndGlobalSection
	GlobalSection(SolutionProperties) = preSolution
		HideSolutionNode = FALSE
	EndGlobalSection
	GlobalSection(ExtensibilityGlobals) = postSolution
		SolutionGuid = {B3E9FAFA-3ECE-407D-9BA9-2B75F19F4F20}
	EndGlobalSection
EndGlobal
